
Microsoft Visual Studio Solution File, Format Version 12.00
# Visual Studio Version 17
VisualStudioVersion = 17.2.32602.215
MinimumVisualStudioVersion = 10.0.40219.1
Project("{FAE04EC0-301F-11D3-BF4B-00C04F79EFBC}") = "RTS_Assessment", "RTS_Assessment\RTS_Assessment.csproj", "{6B0FC631-7AC2-4A4D-B208-A0B03F44D7A3}"
EndProject
Global
	GlobalSection(SolutionConfigurationPlatforms) = preSolution
		Debug|Any CPU = Debug|Any CPU
		Release|Any CPU = Release|Any CPU
	EndGlobalSection
	GlobalSection(ProjectConfigurationPlatforms) = postSolution
		{6B0FC631-7AC2-4A4D-B208-A0B03F44D7A3}.Debug|Any CPU.ActiveCfg = Debug|Any CPU
		{6B0FC631-7AC2-4A4D-B208-A0B03F44D7A3}.Debug|Any CPU.Build.0 = Debug|Any CPU
		{6B0FC631-7AC2-4A4D-B208-A0B03F44D7A3}.Release|Any CPU.ActiveCfg = Release|Any CPU
		{6B0FC631-7AC2-4A4D-B208-A0B03F44D7A3}.Release|Any CPU.Build.0 = Release|Any CPU
	EndGlobalSection
	GlobalSection(SolutionProperties) = preSolution
		HideSolutionNode = FALSE
	EndGlobalSection
	GlobalSection(ExtensibilityGlobals) = postSolution
		SolutionGuid = {FC0654CD-E188-4BF4-8278-CB0DB8670077}
	EndGlobalSection
EndGlobal
